
Microsoft Visual Studio Solution File, Format Version 12.00
# Visual Studio Version 17
VisualStudioVersion = 17.9.34723.18
MinimumVisualStudioVersion = 10.0.40219.1
Project("{9A19103F-16F7-4668-BE54-9A1E7A4F7556}") = "SYNDotNetCore.ConsoleApp", "SYNDotNetCore.ConsoleApp\SYNDotNetCore.ConsoleApp.csproj", "{BAE4672F-8147-4CA7-922F-AD8579150822}"
EndProject
Project("{2150E333-8FDC-42A3-9474-1A3956D46DE8}") = "Document", "Document", "{72DAF35E-A782-4BDE-A87B-DA2B83C35FED}"
	ProjectSection(SolutionItems) = preProject
		REDME.md = REDME.md
		SYNAdoDotNet.sql = SYNAdoDotNet.sql
	EndProjectSection
EndProject
Project("{FAE04EC0-301F-11D3-BF4B-00C04F79EFBC}") = "SYNDotNetCore.RestApi", "SYNDotNetCore.RestApi\SYNDotNetCore.RestApi.csproj", "{2FD4C0DB-15C6-48B1-B14E-36A545668244}"
EndProject
Global
	GlobalSection(SolutionConfigurationPlatforms) = preSolution
		Debug|Any CPU = Debug|Any CPU
		Release|Any CPU = Release|Any CPU
	EndGlobalSection
	GlobalSection(ProjectConfigurationPlatforms) = postSolution
		{BAE4672F-8147-4CA7-922F-AD8579150822}.Debug|Any CPU.ActiveCfg = Debug|Any CPU
		{BAE4672F-8147-4CA7-922F-AD8579150822}.Debug|Any CPU.Build.0 = Debug|Any CPU
		{BAE4672F-8147-4CA7-922F-AD8579150822}.Release|Any CPU.ActiveCfg = Release|Any CPU
		{BAE4672F-8147-4CA7-922F-AD8579150822}.Release|Any CPU.Build.0 = Release|Any CPU
		{2FD4C0DB-15C6-48B1-B14E-36A545668244}.Debug|Any CPU.ActiveCfg = Debug|Any CPU
		{2FD4C0DB-15C6-48B1-B14E-36A545668244}.Debug|Any CPU.Build.0 = Debug|Any CPU
		{2FD4C0DB-15C6-48B1-B14E-36A545668244}.Release|Any CPU.ActiveCfg = Release|Any CPU
		{2FD4C0DB-15C6-48B1-B14E-36A545668244}.Release|Any CPU.Build.0 = Release|Any CPU
	EndGlobalSection
	GlobalSection(SolutionProperties) = preSolution
		HideSolutionNode = FALSE
	EndGlobalSection
	GlobalSection(ExtensibilityGlobals) = postSolution
		SolutionGuid = {912FC2E6-0196-4DD1-8E29-25346A4FEBFF}
	EndGlobalSection
EndGlobal
